
Microsoft Visual Studio Solution File, Format Version 12.00
# Visual Studio Version 16
VisualStudioVersion = 16.0.30907.101
MinimumVisualStudioVersion = 10.0.40219.1
Project("{9A19103F-16F7-4668-BE54-9A1E7A4F7556}") = "Money", "Money\Money.csproj", "{9508664C-06A0-489E-92AF-AAD38A93FB8A}"
EndProject
Project("{FAE04EC0-301F-11D3-BF4B-00C04F79EFBC}") = "Money.Test", "Money.Test\Money.Test.csproj", "{B68FC2FD-BC9B-49DF-81A7-E33912A12021}"
EndProject
Global
	GlobalSection(SolutionConfigurationPlatforms) = preSolution
		Debug|Any CPU = Debug|Any CPU
		Release|Any CPU = Release|Any CPU
	EndGlobalSection
	GlobalSection(ProjectConfigurationPlatforms) = postSolution
		{9508664C-06A0-489E-92AF-AAD38A93FB8A}.Debug|Any CPU.ActiveCfg = Debug|Any CPU
		{9508664C-06A0-489E-92AF-AAD38A93FB8A}.Debug|Any CPU.Build.0 = Debug|Any CPU
		{9508664C-06A0-489E-92AF-AAD38A93FB8A}.Release|Any CPU.ActiveCfg = Release|Any CPU
		{9508664C-06A0-489E-92AF-AAD38A93FB8A}.Release|Any CPU.Build.0 = Release|Any CPU
		{B68FC2FD-BC9B-49DF-81A7-E33912A12021}.Debug|Any CPU.ActiveCfg = Debug|Any CPU
		{B68FC2FD-BC9B-49DF-81A7-E33912A12021}.Debug|Any CPU.Build.0 = Debug|Any CPU
		{B68FC2FD-BC9B-49DF-81A7-E33912A12021}.Release|Any CPU.ActiveCfg = Release|Any CPU
		{B68FC2FD-BC9B-49DF-81A7-E33912A12021}.Release|Any CPU.Build.0 = Release|Any CPU
	EndGlobalSection
	GlobalSection(SolutionProperties) = preSolution
		HideSolutionNode = FALSE
	EndGlobalSection
	GlobalSection(ExtensibilityGlobals) = postSolution
		SolutionGuid = {A7726D0E-B030-45E4-BAEE-2C4A94B20606}
	EndGlobalSection
EndGlobal
